
Microsoft Visual Studio Solution File, Format Version 12.00
# Visual Studio Version 17
VisualStudioVersion = 17.2.32630.192
MinimumVisualStudioVersion = 10.0.40219.1
Project("{9A19103F-16F7-4668-BE54-9A1E7A4F7556}") = "R5T.L0077.Construction", "R5T.L0077.Construction\R5T.L0077.Construction.csproj", "{1A5F36E4-3129-4705-A7B7-CCA8F6F8C94F}"
EndProject
Project("{9A19103F-16F7-4668-BE54-9A1E7A4F7556}") = "R5T.L0077", "R5T.L0077\R5T.L0077.csproj", "{C416294B-7842-40B2-820C-0C6C68FD2C6F}"
EndProject
Project("{2150E333-8FDC-42A3-9474-1A3956D46DE8}") = "_Dependencies", "_Dependencies", "{E28E60DB-00CB-46B1-8BC6-18004B4F8267}"
EndProject
Project("{9A19103F-16F7-4668-BE54-9A1E7A4F7556}") = "R5T.L0066", "..\..\R5T.L0066\source\R5T.L0066\R5T.L0066.csproj", "{FA9C5EAA-59F6-4211-9EFE-DADF3FE3C0D8}"
EndProject
Project("{9A19103F-16F7-4668-BE54-9A1E7A4F7556}") = "R5T.L0072", "..\..\R5T.L0072\source\R5T.L0072\R5T.L0072.csproj", "{8CA3B91D-D87A-4138-BFDB-3E6768F05834}"
EndProject
Project("{9A19103F-16F7-4668-BE54-9A1E7A4F7556}") = "R5T.T0131", "..\..\R5T.T0131\source\R5T.T0131\R5T.T0131.csproj", "{CD2A2D80-913F-4B3A-AF94-AA8B062BEB55}"
EndProject
Project("{9A19103F-16F7-4668-BE54-9A1E7A4F7556}") = "R5T.T0132", "..\..\R5T.T0132\source\R5T.T0132\R5T.T0132.csproj", "{8499578B-0457-4542-997C-3057D85E2910}"
EndProject
Project("{9A19103F-16F7-4668-BE54-9A1E7A4F7556}") = "R5T.T0142", "..\..\R5T.T0142\source\R5T.T0142\R5T.T0142.csproj", "{7A1D3A54-915F-4C67-9443-B7F7ACD53A3B}"
EndProject
Project("{9A19103F-16F7-4668-BE54-9A1E7A4F7556}") = "R5T.T0143", "..\..\R5T.T0143\source\R5T.T0143\R5T.T0143.csproj", "{244045A9-DCFD-42F6-A442-A765E647E5E4}"
EndProject
Project("{9A19103F-16F7-4668-BE54-9A1E7A4F7556}") = "R5T.T0156", "..\..\R5T.T0156\source\R5T.T0156\R5T.T0156.csproj", "{C5FB709E-9C12-47AB-8D43-985A0F006E70}"
EndProject
Project("{9A19103F-16F7-4668-BE54-9A1E7A4F7556}") = "R5T.Y0006", "..\..\R5T.Y0006\source\R5T.Y0006\R5T.Y0006.csproj", "{0B827B8B-8EC7-4DF6-91F6-68027D6CB575}"
EndProject
Global
	GlobalSection(NestedProjects) = preSolution
		{FA9C5EAA-59F6-4211-9EFE-DADF3FE3C0D8} = {E28E60DB-00CB-46B1-8BC6-18004B4F8267}
		{8CA3B91D-D87A-4138-BFDB-3E6768F05834} = {E28E60DB-00CB-46B1-8BC6-18004B4F8267}
		{CD2A2D80-913F-4B3A-AF94-AA8B062BEB55} = {E28E60DB-00CB-46B1-8BC6-18004B4F8267}
		{8499578B-0457-4542-997C-3057D85E2910} = {E28E60DB-00CB-46B1-8BC6-18004B4F8267}
		{7A1D3A54-915F-4C67-9443-B7F7ACD53A3B} = {E28E60DB-00CB-46B1-8BC6-18004B4F8267}
		{244045A9-DCFD-42F6-A442-A765E647E5E4} = {E28E60DB-00CB-46B1-8BC6-18004B4F8267}
		{C5FB709E-9C12-47AB-8D43-985A0F006E70} = {E28E60DB-00CB-46B1-8BC6-18004B4F8267}
		{0B827B8B-8EC7-4DF6-91F6-68027D6CB575} = {E28E60DB-00CB-46B1-8BC6-18004B4F8267}
	EndGlobalSection
	GlobalSection(SolutionConfigurationPlatforms) = preSolution
		Debug|Any CPU = Debug|Any CPU
		Release|Any CPU = Release|Any CPU
	EndGlobalSection
	GlobalSection(ProjectConfigurationPlatforms) = postSolution
		{1A5F36E4-3129-4705-A7B7-CCA8F6F8C94F}.Debug|Any CPU.ActiveCfg = Debug|Any CPU
		{1A5F36E4-3129-4705-A7B7-CCA8F6F8C94F}.Debug|Any CPU.Build.0 = Debug|Any CPU
		{1A5F36E4-3129-4705-A7B7-CCA8F6F8C94F}.Release|Any CPU.ActiveCfg = Release|Any CPU
		{1A5F36E4-3129-4705-A7B7-CCA8F6F8C94F}.Release|Any CPU.Build.0 = Release|Any CPU
		{C416294B-7842-40B2-820C-0C6C68FD2C6F}.Debug|Any CPU.ActiveCfg = Debug|Any CPU
		{C416294B-7842-40B2-820C-0C6C68FD2C6F}.Debug|Any CPU.Build.0 = Debug|Any CPU
		{C416294B-7842-40B2-820C-0C6C68FD2C6F}.Release|Any CPU.ActiveCfg = Release|Any CPU
		{C416294B-7842-40B2-820C-0C6C68FD2C6F}.Release|Any CPU.Build.0 = Release|Any CPU
		{FA9C5EAA-59F6-4211-9EFE-DADF3FE3C0D8}.Debug|Any CPU.ActiveCfg = Debug|Any CPU
		{FA9C5EAA-59F6-4211-9EFE-DADF3FE3C0D8}.Debug|Any CPU.Build.0 = Debug|Any CPU
		{FA9C5EAA-59F6-4211-9EFE-DADF3FE3C0D8}.Release|Any CPU.ActiveCfg = Release|Any CPU
		{FA9C5EAA-59F6-4211-9EFE-DADF3FE3C0D8}.Release|Any CPU.Build.0 = Release|Any CPU
		{8CA3B91D-D87A-4138-BFDB-3E6768F05834}.Debug|Any CPU.ActiveCfg = Debug|Any CPU
		{8CA3B91D-D87A-4138-BFDB-3E6768F05834}.Debug|Any CPU.Build.0 = Debug|Any CPU
		{8CA3B91D-D87A-4138-BFDB-3E6768F05834}.Release|Any CPU.ActiveCfg = Release|Any CPU
		{8CA3B91D-D87A-4138-BFDB-3E6768F05834}.Release|Any CPU.Build.0 = Release|Any CPU
		{CD2A2D80-913F-4B3A-AF94-AA8B062BEB55}.Debug|Any CPU.ActiveCfg = Debug|Any CPU
		{CD2A2D80-913F-4B3A-AF94-AA8B062BEB55}.Debug|Any CPU.Build.0 = Debug|Any CPU
		{CD2A2D80-913F-4B3A-AF94-AA8B062BEB55}.Release|Any CPU.ActiveCfg = Release|Any CPU
		{CD2A2D80-913F-4B3A-AF94-AA8B062BEB55}.Release|Any CPU.Build.0 = Release|Any CPU
		{8499578B-0457-4542-997C-3057D85E2910}.Debug|Any CPU.ActiveCfg = Debug|Any CPU
		{8499578B-0457-4542-997C-3057D85E2910}.Debug|Any CPU.Build.0 = Debug|Any CPU
		{8499578B-0457-4542-997C-3057D85E2910}.Release|Any CPU.ActiveCfg = Release|Any CPU
		{8499578B-0457-4542-997C-3057D85E2910}.Release|Any CPU.Build.0 = Release|Any CPU
		{7A1D3A54-915F-4C67-9443-B7F7ACD53A3B}.Debug|Any CPU.ActiveCfg = Debug|Any CPU
		{7A1D3A54-915F-4C67-9443-B7F7ACD53A3B}.Debug|Any CPU.Build.0 = Debug|Any CPU
		{7A1D3A54-915F-4C67-9443-B7F7ACD53A3B}.Release|Any CPU.ActiveCfg = Release|Any CPU
		{7A1D3A54-915F-4C67-9443-B7F7ACD53A3B}.Release|Any CPU.Build.0 = Release|Any CPU
		{244045A9-DCFD-42F6-A442-A765E647E5E4}.Debug|Any CPU.ActiveCfg = Debug|Any CPU
		{244045A9-DCFD-42F6-A442-A765E647E5E4}.Debug|Any CPU.Build.0 = Debug|Any CPU
		{244045A9-DCFD-42F6-A442-A765E647E5E4}.Release|Any CPU.ActiveCfg = Release|Any CPU
		{244045A9-DCFD-42F6-A442-A765E647E5E4}.Release|Any CPU.Build.0 = Release|Any CPU
		{C5FB709E-9C12-47AB-8D43-985A0F006E70}.Debug|Any CPU.ActiveCfg = Debug|Any CPU
		{C5FB709E-9C12-47AB-8D43-985A0F006E70}.Debug|Any CPU.Build.0 = Debug|Any CPU
		{C5FB709E-9C12-47AB-8D43-985A0F006E70}.Release|Any CPU.ActiveCfg = Release|Any CPU
		{C5FB709E-9C12-47AB-8D43-985A0F006E70}.Release|Any CPU.Build.0 = Release|Any CPU
		{0B827B8B-8EC7-4DF6-91F6-68027D6CB575}.Debug|Any CPU.ActiveCfg = Debug|Any CPU
		{0B827B8B-8EC7-4DF6-91F6-68027D6CB575}.Debug|Any CPU.Build.0 = Debug|Any CPU
		{0B827B8B-8EC7-4DF6-91F6-68027D6CB575}.Release|Any CPU.ActiveCfg = Release|Any CPU
		{0B827B8B-8EC7-4DF6-91F6-68027D6CB575}.Release|Any CPU.Build.0 = Release|Any CPU
	EndGlobalSection
	GlobalSection(SolutionProperties) = preSolution
		HideSolutionNode = FALSE
	EndGlobalSection
	GlobalSection(ExtensibilityGlobals) = postSolution
		SolutionGuid = {81CFB863-4DFB-4904-9410-AB33E10851DA}
	EndGlobalSection
EndGlobal
